// !$*UTF8*$!
{
	archiveVersion = 1;
	classes = {
	};
	objectVersion = 50;
	objects = {

/* Begin PBXBuildFile section */
		B65367A827AD8ACB0002C77E /* AppDelegate.swift in Sources */ = {isa = PBXBuildFile; fileRef = B65367A727AD8ACB0002C77E /* AppDelegate.swift */; };
		B65367AA27AD8ACB0002C77E /* SceneDelegate.swift in Sources */ = {isa = PBXBuildFile; fileRef = B65367A927AD8ACB0002C77E /* SceneDelegate.swift */; };
		B65367AC27AD8ACB0002C77E /* ViewController.swift in Sources */ = {isa = PBXBuildFile; fileRef = B65367AB27AD8ACB0002C77E /* ViewController.swift */; };
		B65367AF27AD8ACB0002C77E /* Main.storyboard in Resources */ = {isa = PBXBuildFile; fileRef = B65367AD27AD8ACB0002C77E /* Main.storyboard */; };
		B65367B127AD8AD40002C77E /* Assets.xcassets in Resources */ = {isa = PBXBuildFile; fileRef = B65367B027AD8AD40002C77E /* Assets.xcassets */; };
		B65367B427AD8AD40002C77E /* LaunchScreen.storyboard in Resources */ = {isa = PBXBuildFile; fileRef = B65367B227AD8AD40002C77E /* LaunchScreen.storyboard */; };
		B65367BF27AD8AD40002C77E /* PreworkTests.swift in Sources */ = {isa = PBXBuildFile; fileRef = B65367BE27AD8AD40002C77E /* PreworkTests.swift */; };
		B65367CA27AD8AD50002C77E /* PreworkUITests.swift in Sources */ = {isa = PBXBuildFile; fileRef = B65367C927AD8AD50002C77E /* PreworkUITests.swift */; };
/* End PBXBuildFile section */

/* Begin PBXContainerItemProxy section */
		B65367BB27AD8AD40002C77E /* PBXContainerItemProxy */ = {
			isa = PBXContainerItemProxy;
			containerPortal = B653679C27AD8ACA0002C77E /* Project object */;
			proxyType = 1;
			remoteGlobalIDString = B65367A327AD8ACA0002C77E;
			remoteInfo = Prework;
		};
		B65367C627AD8AD40002C77E /* PBXContainerItemProxy */ = {
			isa = PBXContainerItemProxy;
			containerPortal = B653679C27AD8ACA0002C77E /* Project object */;
			proxyType = 1;
			remoteGlobalIDString = B65367A327AD8ACA0002C77E;
			remoteInfo = Prework;
		};
/* End PBXContainerItemProxy section */

/* Begin PBXFileReference section */
		B65367A427AD8ACB0002C77E /* Prework.app */ = {isa = PBXFileReference; explicitFileType = wrapper.application; includeInIndex = 0; path = Prework.app; sourceTree = BUILT_PRODUCTS_DIR; };
		B65367A727AD8ACB0002C77E /* AppDelegate.swift */ = {isa = PBXFileReference; lastKnownFileType = sourcecode.swift; path = AppDelegate.swift; sourceTree = "<group>"; };
		B65367A927AD8ACB0002C77E /* SceneDelegate.swift */ = {isa = PBXFileReference; lastKnownFileType = sourcecode.swift; path = SceneDelegate.swift; sourceTree = "<group>"; };
		B65367AB27AD8ACB0002C77E /* ViewController.swift */ = {isa = PBXFileReference; lastKnownFileType = sourcecode.swift; path = ViewController.swift; sourceTree = "<group>"; };
		B65367AE27AD8ACB0002C77E /* Base */ = {isa = PBXFileReference; lastKnownFileType = file.storyboard; name = Base; path = Base.lproj/Main.storyboard; sourceTree = "<group>"; };
		B65367B027AD8AD40002C77E /* Assets.xcassets */ = {isa = PBXFileReference; lastKnownFileType = folder.assetcatalog; path = Assets.xcassets; sourceTree = "<group>"; };
		B65367B327AD8AD40002C77E /* Base */ = {isa = PBXFileReference; lastKnownFileType = file.storyboard; name = Base; path = Base.lproj/LaunchScreen.storyboard; sourceTree = "<group>"; };
		B65367B527AD8AD40002C77E /* Info.plist */ = {isa = PBXFileReference; lastKnownFileType = text.plist.xml; path = Info.plist; sourceTree = "<group>"; };
		B65367BA27AD8AD40002C77E /* PreworkTests.xctest */ = {isa = PBXFileReference; explicitFileType = wrapper.cfbundle; includeInIndex = 0; path = PreworkTests.xctest; sourceTree = BUILT_PRODUCTS_DIR; };
		B65367BE27AD8AD40002C77E /* PreworkTests.swift */ = {isa = PBXFileReference; lastKnownFileType = sourcecode.swift; path = PreworkTests.swift; sourceTree = "<group>"; };
		B65367C027AD8AD40002C77E /* Info.plist */ = {isa = PBXFileReference; lastKnownFileType = text.plist.xml; path = Info.plist; sourceTree = "<group>"; };
		B65367C527AD8AD40002C77E /* PreworkUITests.xctest */ = {isa = PBXFileReference; explicitFileType = wrapper.cfbundle; includeInIndex = 0; path = PreworkUITests.xctest; sourceTree = BUILT_PRODUCTS_DIR; };
		B65367C927AD8AD50002C77E /* PreworkUITests.swift */ = {isa = PBXFileReference; lastKnownFileType = sourcecode.swift; path = PreworkUITests.swift; sourceTree = "<group>"; };
		B65367CB27AD8AD50002C77E /* Info.plist */ = {isa = PBXFileReference; lastKnownFileType = text.plist.xml; path = Info.plist; sourceTree = "<group>"; };
/* End PBXFileReference section */

/* Begin PBXFrameworksBuildPhase section */
		B65367A127AD8ACA0002C77E /* Frameworks */ = {
			isa = PBXFrameworksBuildPhase;
			buildActionMask = 2147483647;
			files = (
			);
			runOnlyForDeploymentPostprocessing = 0;
		};
		B65367B727AD8AD40002C77E /* Frameworks */ = {
			isa = PBXFrameworksBuildPhase;
			buildActionMask = 2147483647;
			files = (
			);
			runOnlyForDeploymentPostprocessing = 0;
		};
		B65367C227AD8AD40002C77E /* Frameworks */ = {
			isa = PBXFrameworksBuildPhase;
			buildActionMask = 2147483647;
			files = (
			);
			runOnlyForDeploymentPostprocessing = 0;
		};
/* End PBXFrameworksBuildPhase section */

/* Begin PBXGroup section */
		B653679B27AD8ACA0002C77E = {
			isa = PBXGroup;
			children = (
				B65367A627AD8ACB0002C77E /* Prework */,
				B65367BD27AD8AD40002C77E /* PreworkTests */,
				B65367C827AD8AD50002C77E /* PreworkUITests */,
				B65367A527AD8ACB0002C77E /* Products */,
			);
			sourceTree = "<group>";
		};
		B65367A527AD8ACB0002C77E /* Products */ = {
			isa = PBXGroup;
			children = (
				B65367A427AD8ACB0002C77E /* Prework.app */,
				B65367BA27AD8AD40002C77E /* PreworkTests.xctest */,
				B65367C527AD8AD40002C77E /* PreworkUITests.xctest */,
			);
			name = Products;
			sourceTree = "<group>";
		};
		B65367A627AD8ACB0002C77E /* Prework */ = {
			isa = PBXGroup;
			children = (
				B65367A727AD8ACB0002C77E /* AppDelegate.swift */,
				B65367A927AD8ACB0002C77E /* SceneDelegate.swift */,
				B65367AB27AD8ACB0002C77E /* ViewController.swift */,
				B65367AD27AD8ACB0002C77E /* Main.storyboard */,
				B65367B027AD8AD40002C77E /* Assets.xcassets */,
				B65367B227AD8AD40002C77E /* LaunchScreen.storyboard */,
				B65367B527AD8AD40002C77E /* Info.plist */,
			);
			path = Prework;
			sourceTree = "<group>";
		};
		B65367BD27AD8AD40002C77E /* PreworkTests */ = {
			isa = PBXGroup;
			children = (
				B65367BE27AD8AD40002C77E /* PreworkTests.swift */,
				B65367C027AD8AD40002C77E /* Info.plist */,
			);
			path = PreworkTests;
			sourceTree = "<group>";
		};
		B65367C827AD8AD50002C77E /* PreworkUITests */ = {
			isa = PBXGroup;
			children = (
				B65367C927AD8AD50002C77E /* PreworkUITests.swift */,
				B65367CB27AD8AD50002C77E /* Info.plist */,
			);
			path = PreworkUITests;
			sourceTree = "<group>";
		};
/* End PBXGroup section */

/* Begin PBXNativeTarget section */
		B65367A327AD8ACA0002C77E /* Prework */ = {
			isa = PBXNativeTarget;
			buildConfigurationList = B65367CE27AD8AD50002C77E /* Build configuration list for PBXNativeTarget "Prework" */;
			buildPhases = (
				B65367A027AD8ACA0002C77E /* Sources */,
				B65367A127AD8ACA0002C77E /* Frameworks */,
				B65367A227AD8ACA0002C77E /* Resources */,
			);
			buildRules = (
			);
			dependencies = (
			);
			name = Prework;
			productName = Prework;
			productReference = B65367A427AD8ACB0002C77E /* Prework.app */;
			productType = "com.apple.product-type.application";
		};
		B65367B927AD8AD40002C77E /* PreworkTests */ = {
			isa = PBXNativeTarget;
			buildConfigurationList = B65367D127AD8AD50002C77E /* Build configuration list for PBXNativeTarget "PreworkTests" */;
			buildPhases = (
				B65367B627AD8AD40002C77E /* Sources */,
				B65367B727AD8AD40002C77E /* Frameworks */,
				B65367B827AD8AD40002C77E /* Resources */,
			);
			buildRules = (
			);
			dependencies = (
				B65367BC27AD8AD40002C77E /* PBXTargetDependency */,
			);
			name = PreworkTests;
			productName = PreworkTests;
			productReference = B65367BA27AD8AD40002C77E /* PreworkTests.xctest */;
			productType = "com.apple.product-type.bundle.unit-test";
		};
		B65367C427AD8AD40002C77E /* PreworkUITests */ = {
			isa = PBXNativeTarget;
			buildConfigurationList = B65367D427AD8AD50002C77E /* Build configuration list for PBXNativeTarget "PreworkUITests" */;
			buildPhases = (
				B65367C127AD8AD40002C77E /* Sources */,
				B65367C227AD8AD40002C77E /* Frameworks */,
				B65367C327AD8AD40002C77E /* Resources */,
			);
			buildRules = (
			);
			dependencies = (
				B65367C727AD8AD40002C77E /* PBXTargetDependency */,
			);
			name = PreworkUITests;
			productName = PreworkUITests;
			productReference = B65367C527AD8AD40002C77E /* PreworkUITests.xctest */;
			productType = "com.apple.product-type.bundle.ui-testing";
		};
/* End PBXNativeTarget section */

/* Begin PBXProject section */
		B653679C27AD8ACA0002C77E /* Project object */ = {
			isa = PBXProject;
			attributes = {
				LastSwiftUpdateCheck = 1240;
				LastUpgradeCheck = 1240;
				TargetAttributes = {
					B65367A327AD8ACA0002C77E = {
						CreatedOnToolsVersion = 12.4;
					};
					B65367B927AD8AD40002C77E = {
						CreatedOnToolsVersion = 12.4;
						TestTargetID = B65367A327AD8ACA0002C77E;
					};
					B65367C427AD8AD40002C77E = {
						CreatedOnToolsVersion = 12.4;
						TestTargetID = B65367A327AD8ACA0002C77E;
					};
				};
			};
			buildConfigurationList = B653679F27AD8ACA0002C77E /* Build configuration list for PBXProject "Prework" */;
			compatibilityVersion = "Xcode 9.3";
			developmentRegion = en;
			hasScannedForEncodings = 0;
			knownRegions = (
				en,
				Base,
			);
			mainGroup = B653679B27AD8ACA0002C77E;
			productRefGroup = B65367A527AD8ACB0002C77E /* Products */;
			projectDirPath = "";
			projectRoot = "";
			targets = (
				B65367A327AD8ACA0002C77E /* Prework */,
				B65367B927AD8AD40002C77E /* PreworkTests */,
				B65367C427AD8AD40002C77E /* PreworkUITests */,
			);
		};
/* End PBXProject section */

/* Begin PBXResourcesBuildPhase section */
		B65367A227AD8ACA0002C77E /* Resources */ = {
			isa = PBXResourcesBuildPhase;
			buildActionMask = 2147483647;
			files = (
				B65367B427AD8AD40002C77E /* LaunchScreen.storyboard in Resources */,
				B65367B127AD8AD40002C77E /* Assets.xcassets in Resources */,
				B65367AF27AD8ACB0002C77E /* Main.storyboard in Resources */,
			);
			runOnlyForDeploymentPostprocessing = 0;
		};
		B65367B827AD8AD40002C77E /* Resources */ = {
			isa = PBXResourcesBuildPhase;
			buildActionMask = 2147483647;
			files = (
			);
			runOnlyForDeploymentPostprocessing = 0;
		};
		B65367C327AD8AD40002C77E /* Resources */ = {
			isa = PBXResourcesBuildPhase;
			buildActionMask = 2147483647;
			files = (
			);
			runOnlyForDeploymentPostprocessing = 0;
		};
/* End PBXResourcesBuildPhase section */

/* Begin PBXSourcesBuildPhase section */
		B65367A027AD8ACA0002C77E /* Sources */ = {
			isa = PBXSourcesBuildPhase;
			buildActionMask = 2147483647;
			files = (
				B65367AC27AD8ACB0002C77E /* ViewController.swift in Sources */,
				B65367A827AD8ACB0002C77E /* AppDelegate.swift in Sources */,
				B65367AA27AD8ACB0002C77E /* SceneDelegate.swift in Sources */,
			);
			runOnlyForDeploymentPostprocessing = 0;
		};
		B65367B627AD8AD40002C77E /* Sources */ = {
			isa = PBXSourcesBuildPhase;
			buildActionMask = 2147483647;
			files = (
				B65367BF27AD8AD40002C77E /* PreworkTests.swift in Sources */,
			);
			runOnlyForDeploymentPostprocessing = 0;
		};
		B65367C127AD8AD40002C77E /* Sources */ = {
			isa = PBXSourcesBuildPhase;
			buildActionMask = 2147483647;
			files = (
				B65367CA27AD8AD50002C77E /* PreworkUITests.swift in Sources */,
			);
			runOnlyForDeploymentPostprocessing = 0;
		};
/* End PBXSourcesBuildPhase section */

/* Begin PBXTargetDependency section */
		B65367BC27AD8AD40002C77E /* PBXTargetDependency */ = {
			isa = PBXTargetDependency;
			target = B65367A327AD8ACA0002C77E /* Prework */;
			targetProxy = B65367BB27AD8AD40002C77E /* PBXContainerItemProxy */;
		};
		B65367C727AD8AD40002C77E /* PBXTargetDependency */ = {
			isa = PBXTargetDependency;
			target = B65367A327AD8ACA0002C77E /* Prework */;
			targetProxy = B65367C627AD8AD40002C77E /* PBXContainerItemProxy */;
		};
/* End PBXTargetDependency section */

/* Begin PBXVariantGroup section */
		B65367AD27AD8ACB0002C77E /* Main.storyboard */ = {
			isa = PBXVariantGroup;
			children = (
				B65367AE27AD8ACB0002C77E /* Base */,
			);
			name = Main.storyboard;
			sourceTree = "<group>";
		};
		B65367B227AD8AD40002C77E /* LaunchScreen.storyboard */ = {
			isa = PBXVariantGroup;
			children = (
				B65367B327AD8AD40002C77E /* Base */,
			);
			name = LaunchScreen.storyboard;
			sourceTree = "<group>";
		};
/* End PBXVariantGroup section */

/* Begin XCBuildConfiguration section */
		B65367CC27AD8AD50002C77E /* Debug */ = {
			isa = XCBuildConfiguration;
			buildSettings = {
				ALWAYS_SEARCH_USER_PATHS = NO;
				CLANG_ANALYZER_NONNULL = YES;
				CLANG_ANALYZER_NUMBER_OBJECT_CONVERSION = YES_AGGRESSIVE;
				CLANG_CXX_LANGUAGE_STANDARD = "gnu++14";
				CLANG_CXX_LIBRARY = "libc++";
				CLANG_ENABLE_MODULES = YES;
				CLANG_ENABLE_OBJC_ARC = YES;
				CLANG_ENABLE_OBJC_WEAK = YES;
				CLANG_WARN_BLOCK_CAPTURE_AUTORELEASING = YES;
				CLANG_WARN_BOOL_CONVERSION = YES;
				CLANG_WARN_COMMA = YES;
				CLANG_WARN_CONSTANT_CONVERSION = YES;
				CLANG_WARN_DEPRECATED_OBJC_IMPLEMENTATIONS = YES;
				CLANG_WARN_DIRECT_OBJC_ISA_USAGE = YES_ERROR;
				CLANG_WARN_DOCUMENTATION_COMMENTS = YES;
				CLANG_WARN_EMPTY_BODY = YES;
				CLANG_WARN_ENUM_CONVERSION = YES;
				CLANG_WARN_INFINITE_RECURSION = YES;
				CLANG_WARN_INT_CONVERSION = YES;
				CLANG_WARN_NON_LITERAL_NULL_CONVERSION = YES;
				CLANG_WARN_OBJC_IMPLICIT_RETAIN_SELF = YES;
				CLANG_WARN_OBJC_LITERAL_CONVERSION = YES;
				CLANG_WARN_OBJC_ROOT_CLASS = YES_ERROR;
				CLANG_WARN_QUOTED_INCLUDE_IN_FRAMEWORK_HEADER = YES;
				CLANG_WARN_RANGE_LOOP_ANALYSIS = YES;
				CLANG_WARN_STRICT_PROTOTYPES = YES;
				CLANG_WARN_SUSPICIOUS_MOVE = YES;
				CLANG_WARN_UNGUARDED_AVAILABILITY = YES_AGGRESSIVE;
				CLANG_WARN_UNREACHABLE_CODE = YES;
				CLANG_WARN__DUPLICATE_METHOD_MATCH = YES;
				COPY_PHASE_STRIP = NO;
				DEBUG_INFORMATION_FORMAT = dwarf;
				ENABLE_STRICT_OBJC_MSGSEND = YES;
				ENABLE_TESTABILITY = YES;
				GCC_C_LANGUAGE_STANDARD = gnu11;
				GCC_DYNAMIC_NO_PIC = NO;
				GCC_NO_COMMON_BLOCKS = YES;
				GCC_OPTIMIZATION_LEVEL = 0;
				GCC_PREPROCESSOR_DEFINITIONS = (
					"DEBUG=1",
					"$(inherited)",
				);
				GCC_WARN_64_TO_32_BIT_CONVERSION = YES;
				GCC_WARN_ABOUT_RETURN_TYPE = YES_ERROR;
				GCC_WARN_UNDECLARED_SELECTOR = YES;
				GCC_WARN_UNINITIALIZED_AUTOS = YES_AGGRESSIVE;
				GCC_WARN_UNUSED_FUNCTION = YES;
				GCC_WARN_UNUSED_VARIABLE = YES;
				IPHONEOS_DEPLOYMENT_TARGET = 14.4;
				MTL_ENABLE_DEBUG_INFO = INCLUDE_SOURCE;
				MTL_FAST_MATH = YES;
				ONLY_ACTIVE_ARCH = YES;
				SDKROOT = iphoneos;
				SWIFT_ACTIVE_COMPILATION_CONDITIONS = DEBUG;
				SWIFT_OPTIMIZATION_LEVEL = "-Onone";
			};
			name = Debug;
		};
		B65367CD27AD8AD50002C77E /* Release */ = {
			isa = XCBuildConfiguration;
			buildSettings = {
				ALWAYS_SEARCH_USER_PATHS = NO;
				CLANG_ANALYZER_NONNULL = YES;
				CLANG_ANALYZER_NUMBER_OBJECT_CONVERSION = YES_AGGRESSIVE;
				CLANG_CXX_LANGUAGE_STANDARD = "gnu++14";
				CLANG_CXX_LIBRARY = "libc++";
				CLANG_ENABLE_MODULES = YES;
				CLANG_ENABLE_OBJC_ARC = YES;
				CLANG_ENABLE_OBJC_WEAK = YES;
				CLANG_WARN_BLOCK_CAPTURE_AUTORELEASING = YES;
				CLANG_WARN_BOOL_CONVERSION = YES;
				CLANG_WARN_COMMA = YES;
				CLANG_WARN_CONSTANT_CONVERSION = YES;
				CLANG_WARN_DEPRECATED_OBJC_IMPLEMENTATIONS = YES;
				CLANG_WARN_DIRECT_OBJC_ISA_USAGE = YES_ERROR;
				CLANG_WARN_DOCUMENTATION_COMMENTS = YES;
				CLANG_WARN_EMPTY_BODY = YES;
				CLANG_WARN_ENUM_CONVERSION = YES;
				CLANG_WARN_INFINITE_RECURSION = YES;
				CLANG_WARN_INT_CONVERSION = YES;
				CLANG_WARN_NON_LITERAL_NULL_CONVERSION = YES;
				CLANG_WARN_OBJC_IMPLICIT_RETAIN_SELF = YES;
				CLANG_WARN_OBJC_LITERAL_CONVERSION = YES;
				CLANG_WARN_OBJC_ROOT_CLASS = YES_ERROR;
				CLANG_WARN_QUOTED_INCLUDE_IN_FRAMEWORK_HEADER = YES;
				CLANG_WARN_RANGE_LOOP_ANALYSIS = YES;
				CLANG_WARN_STRICT_PROTOTYPES = YES;
				CLANG_WARN_SUSPICIOUS_MOVE = YES;
				CLANG_WARN_UNGUARDED_AVAILABILITY = YES_AGGRESSIVE;
				CLANG_WARN_UNREACHABLE_CODE = YES;
				CLANG_WARN__DUPLICATE_METHOD_MATCH = YES;
				COPY_PHASE_STRIP = NO;
				DEBUG_INFORMATION_FORMAT = "dwarf-with-dsym";
				ENABLE_NS_ASSERTIONS = NO;
				ENABLE_STRICT_OBJC_MSGSEND = YES;
				GCC_C_LANGUAGE_STANDARD = gnu11;
				GCC_NO_COMMON_BLOCKS = YES;
				GCC_WARN_64_TO_32_BIT_CONVERSION = YES;
				GCC_WARN_ABOUT_RETURN_TYPE = YES_ERROR;
				GCC_WARN_UNDECLARED_SELECTOR = YES;
				GCC_WARN_UNINITIALIZED_AUTOS = YES_AGGRESSIVE;
				GCC_WARN_UNUSED_FUNCTION = YES;
				GCC_WARN_UNUSED_VARIABLE = YES;
				IPHONEOS_DEPLOYMENT_TARGET = 14.4;
				MTL_ENABLE_DEBUG_INFO = NO;
				MTL_FAST_MATH = YES;
				SDKROOT = iphoneos;
				SWIFT_COMPILATION_MODE = wholemodule;
				SWIFT_OPTIMIZATION_LEVEL = "-O";
				VALIDATE_PRODUCT = YES;
			};
			name = Release;
		};
		B65367CF27AD8AD50002C77E /* Debug */ = {
			isa = XCBuildConfiguration;
			buildSettings = {
				ASSETCATALOG_COMPILER_APPICON_NAME = AppIcon;
				ASSETCATALOG_COMPILER_GLOBAL_ACCENT_COLOR_NAME = AccentColor;
				CODE_SIGN_STYLE = Automatic;
				INFOPLIST_FILE = Prework/Info.plist;
				LD_RUNPATH_SEARCH_PATHS = (
					"$(inherited)",
					"@executable_path/Frameworks",
				);
				PRODUCT_BUNDLE_IDENTIFIER = com.gegeviho.Prework;
				PRODUCT_NAME = "$(TARGET_NAME)";
				SWIFT_VERSION = 5.0;
				TARGETED_DEVICE_FAMILY = "1,2";
			};
			name = Debug;
		};
		B65367D027AD8AD50002C77E /* Release */ = {
			isa = XCBuildConfiguration;
			buildSettings = {
				ASSETCATALOG_COMPILER_APPICON_NAME = AppIcon;
				ASSETCATALOG_COMPILER_GLOBAL_ACCENT_COLOR_NAME = AccentColor;
				CODE_SIGN_STYLE = Automatic;
				INFOPLIST_FILE = Prework/Info.plist;
				LD_RUNPATH_SEARCH_PATHS = (
					"$(inherited)",
					"@executable_path/Frameworks",
				);
				PRODUCT_BUNDLE_IDENTIFIER = com.gegeviho.Prework;
				PRODUCT_NAME = "$(TARGET_NAME)";
				SWIFT_VERSION = 5.0;
				TARGETED_DEVICE_FAMILY = "1,2";
			};
			name = Release;
		};
		B65367D227AD8AD50002C77E /* Debug */ = {
			isa = XCBuildConfiguration;
			buildSettings = {
				ALWAYS_EMBED_SWIFT_STANDARD_LIBRARIES = YES;
				BUNDLE_LOADER = "$(TEST_HOST)";
				CODE_SIGN_STYLE = Automatic;
				INFOPLIST_FILE = PreworkTests/Info.plist;
				IPHONEOS_DEPLOYMENT_TARGET = 14.4;
				LD_RUNPATH_SEARCH_PATHS = (
					"$(inherited)",
					"@executable_path/Frameworks",
					"@loader_path/Frameworks",
				);
				PRODUCT_BUNDLE_IDENTIFIER = com.gegeviho.PreworkTests;
				PRODUCT_NAME = "$(TARGET_NAME)";
				SWIFT_VERSION = 5.0;
				TARGETED_DEVICE_FAMILY = "1,2";
				TEST_HOST = "$(BUILT_PRODUCTS_DIR)/Prework.app/Prework";
			};
			name = Debug;
		};
		B65367D327AD8AD50002C77E /* Release */ = {
			isa = XCBuildConfiguration;
			buildSettings = {
				ALWAYS_EMBED_SWIFT_STANDARD_LIBRARIES = YES;
				BUNDLE_LOADER = "$(TEST_HOST)";
				CODE_SIGN_STYLE = Automatic;
				INFOPLIST_FILE = PreworkTests/Info.plist;
				IPHONEOS_DEPLOYMENT_TARGET = 14.4;
				LD_RUNPATH_SEARCH_PATHS = (
					"$(inherited)",
					"@executable_path/Frameworks",
					"@loader_path/Frameworks",
				);
				PRODUCT_BUNDLE_IDENTIFIER = com.gegeviho.PreworkTests;
				PRODUCT_NAME = "$(TARGET_NAME)";
				SWIFT_VERSION = 5.0;
				TARGETED_DEVICE_FAMILY = "1,2";
				TEST_HOST = "$(BUILT_PRODUCTS_DIR)/Prework.app/Prework";
			};
			name = Release;
		};
		B65367D527AD8AD50002C77E /* Debug */ = {
			isa = XCBuildConfiguration;
			buildSettings = {
				ALWAYS_EMBED_SWIFT_STANDARD_LIBRARIES = YES;
				CODE_SIGN_STYLE = Automatic;
				INFOPLIST_FILE = PreworkUITests/Info.plist;
				LD_RUNPATH_SEARCH_PATHS = (
					"$(inherited)",
					"@executable_path/Frameworks",
					"@loader_path/Frameworks",
				);
				PRODUCT_BUNDLE_IDENTIFIER = com.gegeviho.PreworkUITests;
				PRODUCT_NAME = "$(TARGET_NAME)";
				SWIFT_VERSION = 5.0;
				TARGETED_DEVICE_FAMILY = "1,2";
				TEST_TARGET_NAME = Prework;
			};
			name = Debug;
		};
		B65367D627AD8AD50002C77E /* Release */ = {
			isa = XCBuildConfiguration;
			buildSettings = {
				ALWAYS_EMBED_SWIFT_STANDARD_LIBRARIES = YES;
				CODE_SIGN_STYLE = Automatic;
				INFOPLIST_FILE = PreworkUITests/Info.plist;
				LD_RUNPATH_SEARCH_PATHS = (
					"$(inherited)",
					"@executable_path/Frameworks",
					"@loader_path/Frameworks",
				);
				PRODUCT_BUNDLE_IDENTIFIER = com.gegeviho.PreworkUITests;
				PRODUCT_NAME = "$(TARGET_NAME)";
				SWIFT_VERSION = 5.0;
				TARGETED_DEVICE_FAMILY = "1,2";
				TEST_TARGET_NAME = Prework;
			};
			name = Release;
		};
/* End XCBuildConfiguration section */

/* Begin XCConfigurationList section */
		B653679F27AD8ACA0002C77E /* Build configuration list for PBXProject "Prework" */ = {
			isa = XCConfigurationList;
			buildConfigurations = (
				B65367CC27AD8AD50002C77E /* Debug */,
				B65367CD27AD8AD50002C77E /* Release */,
			);
			defaultConfigurationIsVisible = 0;
			defaultConfigurationName = Release;
		};
		B65367CE27AD8AD50002C77E /* Build configuration list for PBXNativeTarget "Prework" */ = {
			isa = XCConfigurationList;
			buildConfigurations = (
				B65367CF27AD8AD50002C77E /* Debug */,
				B65367D027AD8AD50002C77E /* Release */,
			);
			defaultConfigurationIsVisible = 0;
			defaultConfigurationName = Release;
		};
		B65367D127AD8AD50002C77E /* Build configuration list for PBXNativeTarget "PreworkTests" */ = {
			isa = XCConfigurationList;
			buildConfigurations = (
				B65367D227AD8AD50002C77E /* Debug */,
				B65367D327AD8AD50002C77E /* Release */,
			);
			defaultConfigurationIsVisible = 0;
			defaultConfigurationName = Release;
		};
		B65367D427AD8AD50002C77E /* Build configuration list for PBXNativeTarget "PreworkUITests" */ = {
			isa = XCConfigurationList;
			buildConfigurations = (
				B65367D527AD8AD50002C77E /* Debug */,
				B65367D627AD8AD50002C77E /* Release */,
			);
			defaultConfigurationIsVisible = 0;
			defaultConfigurationName = Release;
		};
/* End XCConfigurationList section */
	};
	rootObject = B653679C27AD8ACA0002C77E /* Project object */;
}
